
Microsoft Visual Studio Solution File, Format Version 12.00
# Visual Studio Version 16
VisualStudioVersion = 16.0.29519.87
MinimumVisualStudioVersion = 10.0.40219.1
Project("{FAE04EC0-301F-11D3-BF4B-00C04F79EFBC}") = "PokemonImportTesting", "PokemonImportTesting\PokemonImportTesting.csproj", "{DA88D709-8D9F-4382-8C32-981DDF6AEE1B}"
EndProject
Global
	GlobalSection(SolutionConfigurationPlatforms) = preSolution
		Debug|Any CPU = Debug|Any CPU
		Release|Any CPU = Release|Any CPU
	EndGlobalSection
	GlobalSection(ProjectConfigurationPlatforms) = postSolution
		{DA88D709-8D9F-4382-8C32-981DDF6AEE1B}.Debug|Any CPU.ActiveCfg = Debug|Any CPU
		{DA88D709-8D9F-4382-8C32-981DDF6AEE1B}.Debug|Any CPU.Build.0 = Debug|Any CPU
		{DA88D709-8D9F-4382-8C32-981DDF6AEE1B}.Release|Any CPU.ActiveCfg = Release|Any CPU
		{DA88D709-8D9F-4382-8C32-981DDF6AEE1B}.Release|Any CPU.Build.0 = Release|Any CPU
	EndGlobalSection
	GlobalSection(SolutionProperties) = preSolution
		HideSolutionNode = FALSE
	EndGlobalSection
	GlobalSection(ExtensibilityGlobals) = postSolution
		SolutionGuid = {D97288F2-2692-4F51-BC6C-D0D79E88F57C}
	EndGlobalSection
EndGlobal
